
Microsoft Visual Studio Solution File, Format Version 12.00
# Visual Studio Version 17
VisualStudioVersion = 17.5.002.0
MinimumVisualStudioVersion = 10.0.40219.1
Project("{9A19103F-16F7-4668-BE54-9A1E7A4F7556}") = "Binary-Search-Arrays-", "Binary-Search-Arrays-.csproj", "{6C104CF8-FFA8-485F-BE99-C711412D795E}"
EndProject
Global
	GlobalSection(SolutionConfigurationPlatforms) = preSolution
		Debug|Any CPU = Debug|Any CPU
		Release|Any CPU = Release|Any CPU
	EndGlobalSection
	GlobalSection(ProjectConfigurationPlatforms) = postSolution
		{6C104CF8-FFA8-485F-BE99-C711412D795E}.Debug|Any CPU.ActiveCfg = Debug|Any CPU
		{6C104CF8-FFA8-485F-BE99-C711412D795E}.Debug|Any CPU.Build.0 = Debug|Any CPU
		{6C104CF8-FFA8-485F-BE99-C711412D795E}.Release|Any CPU.ActiveCfg = Release|Any CPU
		{6C104CF8-FFA8-485F-BE99-C711412D795E}.Release|Any CPU.Build.0 = Release|Any CPU
	EndGlobalSection
	GlobalSection(SolutionProperties) = preSolution
		HideSolutionNode = FALSE
	EndGlobalSection
	GlobalSection(ExtensibilityGlobals) = postSolution
		SolutionGuid = {55A5A30C-8978-4817-81CD-24DBB6171BDD}
	EndGlobalSection
EndGlobal
